
Microsoft Visual Studio Solution File, Format Version 12.00
# Visual Studio Version 17
VisualStudioVersion = 17.8.34322.80
MinimumVisualStudioVersion = 10.0.40219.1
Project("{F184B08F-C81C-45F6-A57F-5ABD9991F28F}") = "7 Area of Rectangle", "7 Area of Rectangle.vbproj", "{D4C7D87E-0CBB-4C85-BEAE-C84DBCEB9BA5}"
EndProject
Global
	GlobalSection(SolutionConfigurationPlatforms) = preSolution
		Debug|Any CPU = Debug|Any CPU
		Release|Any CPU = Release|Any CPU
	EndGlobalSection
	GlobalSection(ProjectConfigurationPlatforms) = postSolution
		{D4C7D87E-0CBB-4C85-BEAE-C84DBCEB9BA5}.Debug|Any CPU.ActiveCfg = Debug|Any CPU
		{D4C7D87E-0CBB-4C85-BEAE-C84DBCEB9BA5}.Debug|Any CPU.Build.0 = Debug|Any CPU
		{D4C7D87E-0CBB-4C85-BEAE-C84DBCEB9BA5}.Release|Any CPU.ActiveCfg = Release|Any CPU
		{D4C7D87E-0CBB-4C85-BEAE-C84DBCEB9BA5}.Release|Any CPU.Build.0 = Release|Any CPU
	EndGlobalSection
	GlobalSection(SolutionProperties) = preSolution
		HideSolutionNode = FALSE
	EndGlobalSection
	GlobalSection(ExtensibilityGlobals) = postSolution
		SolutionGuid = {066C8757-1106-4041-BD2C-5642DCC1B592}
	EndGlobalSection
EndGlobal
